
Microsoft Visual Studio Solution File, Format Version 12.00
# Visual Studio Version 16
VisualStudioVersion = 16.0.31424.327
MinimumVisualStudioVersion = 10.0.40219.1
Project("{FAE04EC0-301F-11D3-BF4B-00C04F79EFBC}") = "WeddingForm", "WeddingForm\WeddingForm.csproj", "{16B7128C-436B-467D-B504-F39834545087}"
EndProject
Global
	GlobalSection(SolutionConfigurationPlatforms) = preSolution
		Debug|Any CPU = Debug|Any CPU
		Release|Any CPU = Release|Any CPU
	EndGlobalSection
	GlobalSection(ProjectConfigurationPlatforms) = postSolution
		{16B7128C-436B-467D-B504-F39834545087}.Debug|Any CPU.ActiveCfg = Debug|Any CPU
		{16B7128C-436B-467D-B504-F39834545087}.Debug|Any CPU.Build.0 = Debug|Any CPU
		{16B7128C-436B-467D-B504-F39834545087}.Release|Any CPU.ActiveCfg = Release|Any CPU
		{16B7128C-436B-467D-B504-F39834545087}.Release|Any CPU.Build.0 = Release|Any CPU
	EndGlobalSection
	GlobalSection(SolutionProperties) = preSolution
		HideSolutionNode = FALSE
	EndGlobalSection
	GlobalSection(ExtensibilityGlobals) = postSolution
		SolutionGuid = {BD9E8F83-46A2-4049-9D68-21945EE058E1}
	EndGlobalSection
EndGlobal
